// !$*UTF8*$!
{
	archiveVersion = 1;
	classes = {
	};
	objectVersion = 77;
	objects = {

/* Begin PBXBuildFile section */
		09E95100E8758422991CCF2A /* RootMateApp.swift in Sources */ = {isa = PBXBuildFile; fileRef = 35107907A60AF2CF75031C0B /* RootMateApp.swift */; };
		28782D99A6DFF527EBE87849 /* Assets.xcassets in Resources */ = {isa = PBXBuildFile; fileRef = 43B45A08578403C3D43BD165 /* Assets.xcassets */; };
		CB4877259F884AFFAF268414 /* ContentView.swift in Sources */ = {isa = PBXBuildFile; fileRef = BDD55B34A12702B9E4C65A65 /* ContentView.swift */; };
		A1B2C3D4E5F6789012345678 /* Plant.swift in Sources */ = {isa = PBXBuildFile; fileRef = B2C3D4E5F678901234567890 /* Plant.swift */; };
		B1C2D3E4F5678901234567890 /* User.swift in Sources */ = {isa = PBXBuildFile; fileRef = C3D4E5F67890123456789012 /* User.swift */; };
		C1D2E3F4567890123456789012 /* PlantViewModel.swift in Sources */ = {isa = PBXBuildFile; fileRef = D4E5F6789012345678901234 /* PlantViewModel.swift */; };
		D1E2F3456789012345678901234 /* WeatherService.swift in Sources */ = {isa = PBXBuildFile; fileRef = E5F6789012345678901234567 /* WeatherService.swift */; };
		E1F2345678901234567890123456 /* AIService.swift in Sources */ = {isa = PBXBuildFile; fileRef = F6789012345678901234567890 /* AIService.swift */; };
		F12345678901234567890123456 /* MyRootmatesView.swift in Sources */ = {isa = PBXBuildFile; fileRef = 67890123456789012345678901 /* MyRootmatesView.swift */; };
		1234567890123456789012345678 /* AISystemPrompts.swift in Sources */ = {isa = PBXBuildFile; fileRef = 78901234567890123456789012 /* AISystemPrompts.swift */; };
		2345678901234567890123456789 /* QRCodeView.swift in Sources */ = {isa = PBXBuildFile; fileRef = 3456789012345678901234567890 /* QRCodeView.swift */; };
		C234567890123456789012345678 /* NotificationService.swift in Sources */ = {isa = PBXBuildFile; fileRef = D345678901234567890123456789 /* NotificationService.swift */; };
		E234567890123456789012345678 /* APIConfiguration.swift in Sources */ = {isa = PBXBuildFile; fileRef = F345678901234567890123456789 /* APIConfiguration.swift */; };
		H567890123456789012345678901 /* KeychainService.swift in Sources */ = {isa = PBXBuildFile; fileRef = G456789012345678901234567890 /* KeychainService.swift */; };
		5678901234567890123456789012 /* QRCodeGenerator.swift in Sources */ = {isa = PBXBuildFile; fileRef = 4567890123456789012345678901 /* QRCodeGenerator.swift */; };
		8901234567890123456789012345 /* SettingsView.swift in Sources */ = {isa = PBXBuildFile; fileRef = 9012345678901234567890123456 /* SettingsView.swift */; };
		A123456789012345678901234567 /* PlantChatView.swift in Sources */ = {isa = PBXBuildFile; fileRef = B23456789012345678901234567 /* PlantChatView.swift */; };
/* End PBXBuildFile section */

/* Begin PBXFileReference section */
		075E31D4942F9BA051BEEAAA /* .gitkeep */ = {isa = PBXFileReference; path = .gitkeep; sourceTree = "<group>"; };
		115F189D809B6F22CD80974D /* .gitkeep */ = {isa = PBXFileReference; path = .gitkeep; sourceTree = "<group>"; };
		24402A73212DDDBB0FCA19D2 /* Info.plist */ = {isa = PBXFileReference; lastKnownFileType = text.plist; path = Info.plist; sourceTree = "<group>"; };
		35107907A60AF2CF75031C0B /* RootMateApp.swift */ = {isa = PBXFileReference; lastKnownFileType = sourcecode.swift; path = RootMateApp.swift; sourceTree = "<group>"; };
		3779E4FD1DAF309D5F6C10D5 /* .gitkeep */ = {isa = PBXFileReference; path = .gitkeep; sourceTree = "<group>"; };
		43B45A08578403C3D43BD165 /* Assets.xcassets */ = {isa = PBXFileReference; lastKnownFileType = folder.assetcatalog; path = Assets.xcassets; sourceTree = "<group>"; };
		7C1BF79DA4B58414B6E69BC6 /* .gitkeep */ = {isa = PBXFileReference; path = .gitkeep; sourceTree = "<group>"; };
		84CE18D163DD3643F88DB4AF /* .gitkeep */ = {isa = PBXFileReference; path = .gitkeep; sourceTree = "<group>"; };
		BDD55B34A12702B9E4C65A65 /* ContentView.swift */ = {isa = PBXFileReference; lastKnownFileType = sourcecode.swift; path = ContentView.swift; sourceTree = "<group>"; };
		B2C3D4E5F678901234567890 /* Plant.swift */ = {isa = PBXFileReference; lastKnownFileType = sourcecode.swift; path = Plant.swift; sourceTree = "<group>"; };
		C3D4E5F67890123456789012 /* User.swift */ = {isa = PBXFileReference; lastKnownFileType = sourcecode.swift; path = User.swift; sourceTree = "<group>"; };
		D4E5F6789012345678901234 /* PlantViewModel.swift */ = {isa = PBXFileReference; lastKnownFileType = sourcecode.swift; path = PlantViewModel.swift; sourceTree = "<group>"; };
		E5F6789012345678901234567 /* WeatherService.swift */ = {isa = PBXFileReference; lastKnownFileType = sourcecode.swift; path = WeatherService.swift; sourceTree = "<group>"; };
		F6789012345678901234567890 /* AIService.swift */ = {isa = PBXFileReference; lastKnownFileType = sourcecode.swift; path = AIService.swift; sourceTree = "<group>"; };
		67890123456789012345678901 /* MyRootmatesView.swift */ = {isa = PBXFileReference; lastKnownFileType = sourcecode.swift; path = MyRootmatesView.swift; sourceTree = "<group>"; };
		78901234567890123456789012 /* AISystemPrompts.swift */ = {isa = PBXFileReference; lastKnownFileType = sourcecode.swift; path = AISystemPrompts.swift; sourceTree = "<group>"; };
		3456789012345678901234567890 /* QRCodeView.swift */ = {isa = PBXFileReference; lastKnownFileType = sourcecode.swift; path = QRCodeView.swift; sourceTree = "<group>"; };
		4567890123456789012345678901 /* QRCodeGenerator.swift */ = {isa = PBXFileReference; lastKnownFileType = sourcecode.swift; path = QRCodeGenerator.swift; sourceTree = "<group>"; };
		9012345678901234567890123456 /* SettingsView.swift */ = {isa = PBXFileReference; lastKnownFileType = sourcecode.swift; path = SettingsView.swift; sourceTree = "<group>"; };
		B23456789012345678901234567 /* PlantChatView.swift */ = {isa = PBXFileReference; lastKnownFileType = sourcecode.swift; path = PlantChatView.swift; sourceTree = "<group>"; };
		D345678901234567890123456789 /* NotificationService.swift */ = {isa = PBXFileReference; lastKnownFileType = sourcecode.swift; path = NotificationService.swift; sourceTree = "<group>"; };
		F345678901234567890123456789 /* APIConfiguration.swift */ = {isa = PBXFileReference; lastKnownFileType = sourcecode.swift; path = APIConfiguration.swift; sourceTree = "<group>"; };
		G456789012345678901234567890 /* KeychainService.swift */ = {isa = PBXFileReference; lastKnownFileType = sourcecode.swift; path = KeychainService.swift; sourceTree = "<group>"; };
		EF6B176BE8656606445CD881 /* RootMate.app */ = {isa = PBXFileReference; includeInIndex = 0; lastKnownFileType = wrapper.application; path = RootMate.app; sourceTree = BUILT_PRODUCTS_DIR; };
/* End PBXFileReference section */

/* Begin PBXGroup section */
		06A5DB2F563CC94129326016 /* RootMate */ = {
			isa = PBXGroup;
			children = (
				43B45A08578403C3D43BD165 /* Assets.xcassets */,
				24402A73212DDDBB0FCA19D2 /* Info.plist */,
				35107907A60AF2CF75031C0B /* RootMateApp.swift */,
				5D302FE928FAB4CE8B03ABC2 /* Models */,
				2DBE7FBC13ABC290D5550258 /* Network */,
				4AED1359C8FA325FE447D3EB /* Resources */,
				D5344C1DB46D306DC7F52AC9 /* Utilities */,
				76BECF690F08F7BCA2C05621 /* ViewModels */,
				8D22B77BA35350F340567874 /* Views */,
			);
			name = RootMate;
			path = .;
			sourceTree = "<group>";
		};
		08490E6BB191ED48497F1C2B = {
			isa = PBXGroup;
			children = (
				5D302FE928FAB4CE8B03ABC2 /* Models */,
				2DBE7FBC13ABC290D5550258 /* Network */,
				4AED1359C8FA325FE447D3EB /* Resources */,
				06A5DB2F563CC94129326016 /* RootMate */,
				D5344C1DB46D306DC7F52AC9 /* Utilities */,
				76BECF690F08F7BCA2C05621 /* ViewModels */,
				8D22B77BA35350F340567874 /* Views */,
				49E623C3C89537891D7E557E /* Products */,
			);
			sourceTree = "<group>";
		};
		2DBE7FBC13ABC290D5550258 /* Network */ = {
			isa = PBXGroup;
			children = (
				115F189D809B6F22CD80974D /* .gitkeep */,
				E5F6789012345678901234567 /* WeatherService.swift */,
				F6789012345678901234567890 /* AIService.swift */,
			);
			path = Network;
			sourceTree = "<group>";
		};
		49E623C3C89537891D7E557E /* Products */ = {
			isa = PBXGroup;
			children = (
				EF6B176BE8656606445CD881 /* RootMate.app */,
			);
			name = Products;
			sourceTree = "<group>";
		};
		4AED1359C8FA325FE447D3EB /* Resources */ = {
			isa = PBXGroup;
			children = (
				84CE18D163DD3643F88DB4AF /* .gitkeep */,
			);
			path = Resources;
			sourceTree = "<group>";
		};
		5D302FE928FAB4CE8B03ABC2 /* Models */ = {
			isa = PBXGroup;
			children = (
				7C1BF79DA4B58414B6E69BC6 /* .gitkeep */,
				B2C3D4E5F678901234567890 /* Plant.swift */,
				C3D4E5F67890123456789012 /* User.swift */,
			);
			path = Models;
			sourceTree = "<group>";
		};
		76BECF690F08F7BCA2C05621 /* ViewModels */ = {
			isa = PBXGroup;
			children = (
				3779E4FD1DAF309D5F6C10D5 /* .gitkeep */,
				D4E5F6789012345678901234 /* PlantViewModel.swift */,
			);
			path = ViewModels;
			sourceTree = "<group>";
		};
		8D22B77BA35350F340567874 /* Views */ = {
			isa = PBXGroup;
			children = (
				BDD55B34A12702B9E4C65A65 /* ContentView.swift */,
				67890123456789012345678901 /* MyRootmatesView.swift */,
				3456789012345678901234567890 /* QRCodeView.swift */,
				9012345678901234567890123456 /* SettingsView.swift */,
				B23456789012345678901234567 /* PlantChatView.swift */,
			);
			path = Views;
			sourceTree = "<group>";
		};
		D5344C1DB46D306DC7F52AC9 /* Utilities */ = {
			isa = PBXGroup;
			children = (
				075E31D4942F9BA051BEEAAA /* .gitkeep */,
				78901234567890123456789012 /* AISystemPrompts.swift */,
				4567890123456789012345678901 /* QRCodeGenerator.swift */,
				D345678901234567890123456789 /* NotificationService.swift */,
				F345678901234567890123456789 /* APIConfiguration.swift */,
				G456789012345678901234567890 /* KeychainService.swift */,
			);
			path = Utilities;
			sourceTree = "<group>";
		};
/* End PBXGroup section */

/* Begin PBXNativeTarget section */
		3EE71C7218C0D43BBC8EF5FE /* RootMate */ = {
			isa = PBXNativeTarget;
			buildConfigurationList = 0BA420F0C2C0822BB46C5420 /* Build configuration list for PBXNativeTarget "RootMate" */;
			buildPhases = (
				85AD66CA2B8D344F87C3EE0D /* Sources */,
				D60DF6BCB4899909809C8309 /* Resources */,
			);
			buildRules = (
			);
			dependencies = (
			);
			name = RootMate;
			packageProductDependencies = (
			);
			productName = RootMate;
			productReference = EF6B176BE8656606445CD881 /* RootMate.app */;
			productType = "com.apple.product-type.application";
		};
/* End PBXNativeTarget section */

/* Begin PBXProject section */
		F8B538D1A3CFD759A76A4F5A /* Project object */ = {
			isa = PBXProject;
			attributes = {
				BuildIndependentTargetsInParallel = YES;
				LastUpgradeCheck = 1500;
			};
			buildConfigurationList = 5569BD6DB373CECC02C343A6 /* Build configuration list for PBXProject "RootMate" */;
			compatibilityVersion = "Xcode 14.0";
			developmentRegion = en;
			hasScannedForEncodings = 0;
			knownRegions = (
				Base,
				en,
			);
			mainGroup = 08490E6BB191ED48497F1C2B;
			minimizedProjectReferenceProxies = 1;
			preferredProjectObjectVersion = 77;
			projectDirPath = "";
			projectRoot = "";
			targets = (
				3EE71C7218C0D43BBC8EF5FE /* RootMate */,
			);
		};
/* End PBXProject section */

/* Begin PBXResourcesBuildPhase section */
		D60DF6BCB4899909809C8309 /* Resources */ = {
			isa = PBXResourcesBuildPhase;
			buildActionMask = 2147483647;
			files = (
				28782D99A6DFF527EBE87849 /* Assets.xcassets in Resources */,
			);
			runOnlyForDeploymentPostprocessing = 0;
		};
/* End PBXResourcesBuildPhase section */

/* Begin PBXSourcesBuildPhase section */
		85AD66CA2B8D344F87C3EE0D /* Sources */ = {
			isa = PBXSourcesBuildPhase;
			buildActionMask = 2147483647;
			files = (
				CB4877259F884AFFAF268414 /* ContentView.swift in Sources */,
				09E95100E8758422991CCF2A /* RootMateApp.swift in Sources */,
				A1B2C3D4E5F6789012345678 /* Plant.swift in Sources */,
				B1C2D3E4F5678901234567890 /* User.swift in Sources */,
				C1D2E3F4567890123456789012 /* PlantViewModel.swift in Sources */,
				D1E2F3456789012345678901234 /* WeatherService.swift in Sources */,
				E1F2345678901234567890123456 /* AIService.swift in Sources */,
				F12345678901234567890123456 /* MyRootmatesView.swift in Sources */,
				1234567890123456789012345678 /* AISystemPrompts.swift in Sources */,
				2345678901234567890123456789 /* QRCodeView.swift in Sources */,
				C234567890123456789012345678 /* NotificationService.swift in Sources */,
				E234567890123456789012345678 /* APIConfiguration.swift in Sources */,
				H567890123456789012345678901 /* KeychainService.swift in Sources */,
				5678901234567890123456789012 /* QRCodeGenerator.swift in Sources */,
				8901234567890123456789012345 /* SettingsView.swift in Sources */,
				A123456789012345678901234567 /* PlantChatView.swift in Sources */,
			);
			runOnlyForDeploymentPostprocessing = 0;
		};
/* End PBXSourcesBuildPhase section */

/* Begin XCBuildConfiguration section */
		54856144E40C46F6799E6E8A /* Debug */ = {
			isa = XCBuildConfiguration;
			buildSettings = {
				ASSETCATALOG_COMPILER_APPICON_NAME = AppIcon;
				CODE_SIGN_IDENTITY = "iPhone Developer";
				INFOPLIST_FILE = Info.plist;
				IPHONEOS_DEPLOYMENT_TARGET = 15.0;
				LD_RUNPATH_SEARCH_PATHS = (
					"$(inherited)",
					"@executable_path/Frameworks",
				);
				PRODUCT_BUNDLE_IDENTIFIER = com.rootmate.RootMate;
				SDKROOT = iphoneos;
				SWIFT_VERSION = 5.0;
				TARGETED_DEVICE_FAMILY = 1;
			};
			name = Debug;
		};
		5DD09044B40C78C27A89BF80 /* Debug */ = {
			isa = XCBuildConfiguration;
			buildSettings = {
				ALWAYS_SEARCH_USER_PATHS = NO;
				CLANG_ANALYZER_NONNULL = YES;
				CLANG_ANALYZER_NUMBER_OBJECT_CONVERSION = YES_AGGRESSIVE;
				CLANG_CXX_LANGUAGE_STANDARD = "gnu++14";
				CLANG_CXX_LIBRARY = "libc++";
				CLANG_ENABLE_MODULES = YES;
				CLANG_ENABLE_OBJC_ARC = YES;
				CLANG_ENABLE_OBJC_WEAK = YES;
				CLANG_WARN_BLOCK_CAPTURE_AUTORELEASING = YES;
				CLANG_WARN_BOOL_CONVERSION = YES;
				CLANG_WARN_COMMA = YES;
				CLANG_WARN_CONSTANT_CONVERSION = YES;
				CLANG_WARN_DEPRECATED_OBJC_IMPLEMENTATIONS = YES;
				CLANG_WARN_DIRECT_OBJC_ISA_USAGE = YES_ERROR;
				CLANG_WARN_DOCUMENTATION_COMMENTS = YES;
				CLANG_WARN_EMPTY_BODY = YES;
				CLANG_WARN_ENUM_CONVERSION = YES;
				CLANG_WARN_INFINITE_RECURSION = YES;
				CLANG_WARN_INT_CONVERSION = YES;
				CLANG_WARN_NON_LITERAL_NULL_CONVERSION = YES;
				CLANG_WARN_OBJC_IMPLICIT_RETAIN_SELF = YES;
				CLANG_WARN_OBJC_LITERAL_CONVERSION = YES;
				CLANG_WARN_OBJC_ROOT_CLASS = YES_ERROR;
				CLANG_WARN_QUOTED_INCLUDE_IN_FRAMEWORK_HEADER = YES;
				CLANG_WARN_RANGE_LOOP_ANALYSIS = YES;
				CLANG_WARN_STRICT_PROTOTYPES = YES;
				CLANG_WARN_SUSPICIOUS_MOVE = YES;
				CLANG_WARN_UNGUARDED_AVAILABILITY = YES_AGGRESSIVE;
				CLANG_WARN_UNREACHABLE_CODE = YES;
				CLANG_WARN__DUPLICATE_METHOD_MATCH = YES;
				COPY_PHASE_STRIP = NO;
				DEBUG_INFORMATION_FORMAT = dwarf;
				ENABLE_STRICT_OBJC_MSGSEND = YES;
				ENABLE_TESTABILITY = YES;
				GCC_C_LANGUAGE_STANDARD = gnu11;
				GCC_DYNAMIC_NO_PIC = NO;
				GCC_NO_COMMON_BLOCKS = YES;
				GCC_OPTIMIZATION_LEVEL = 0;
				GCC_PREPROCESSOR_DEFINITIONS = (
					"$(inherited)",
					"DEBUG=1",
				);
				GCC_WARN_64_TO_32_BIT_CONVERSION = YES;
				GCC_WARN_ABOUT_RETURN_TYPE = YES_ERROR;
				GCC_WARN_UNDECLARED_SELECTOR = YES;
				GCC_WARN_UNINITIALIZED_AUTOS = YES_AGGRESSIVE;
				GCC_WARN_UNUSED_FUNCTION = YES;
				GCC_WARN_UNUSED_VARIABLE = YES;
				IPHONEOS_DEPLOYMENT_TARGET = 15.0;
				MTL_ENABLE_DEBUG_INFO = INCLUDE_SOURCE;
				MTL_FAST_MATH = YES;
				ONLY_ACTIVE_ARCH = YES;
				PRODUCT_NAME = "$(TARGET_NAME)";
				SDKROOT = iphoneos;
				SWIFT_ACTIVE_COMPILATION_CONDITIONS = DEBUG;
				SWIFT_OPTIMIZATION_LEVEL = "-Onone";
				SWIFT_VERSION = 5.0;
			};
			name = Debug;
		};
		655D6984537AB55299060617 /* Release */ = {
			isa = XCBuildConfiguration;
			buildSettings = {
				ASSETCATALOG_COMPILER_APPICON_NAME = AppIcon;
				CODE_SIGN_IDENTITY = "iPhone Developer";
				INFOPLIST_FILE = Info.plist;
				IPHONEOS_DEPLOYMENT_TARGET = 15.0;
				LD_RUNPATH_SEARCH_PATHS = (
					"$(inherited)",
					"@executable_path/Frameworks",
				);
				PRODUCT_BUNDLE_IDENTIFIER = com.rootmate.RootMate;
				SDKROOT = iphoneos;
				SWIFT_VERSION = 5.0;
				TARGETED_DEVICE_FAMILY = 1;
			};
			name = Release;
		};
		B9D2AD87FF5AB612A832742B /* Release */ = {
			isa = XCBuildConfiguration;
			buildSettings = {
				ALWAYS_SEARCH_USER_PATHS = NO;
				CLANG_ANALYZER_NONNULL = YES;
				CLANG_ANALYZER_NUMBER_OBJECT_CONVERSION = YES_AGGRESSIVE;
				CLANG_CXX_LANGUAGE_STANDARD = "gnu++14";
				CLANG_CXX_LIBRARY = "libc++";
				CLANG_ENABLE_MODULES = YES;
				CLANG_ENABLE_OBJC_ARC = YES;
				CLANG_ENABLE_OBJC_WEAK = YES;
				CLANG_WARN_BLOCK_CAPTURE_AUTORELEASING = YES;
				CLANG_WARN_BOOL_CONVERSION = YES;
				CLANG_WARN_COMMA = YES;
				CLANG_WARN_CONSTANT_CONVERSION = YES;
				CLANG_WARN_DEPRECATED_OBJC_IMPLEMENTATIONS = YES;
				CLANG_WARN_DIRECT_OBJC_ISA_USAGE = YES_ERROR;
				CLANG_WARN_DOCUMENTATION_COMMENTS = YES;
				CLANG_WARN_EMPTY_BODY = YES;
				CLANG_WARN_ENUM_CONVERSION = YES;
				CLANG_WARN_INFINITE_RECURSION = YES;
				CLANG_WARN_INT_CONVERSION = YES;
				CLANG_WARN_NON_LITERAL_NULL_CONVERSION = YES;
				CLANG_WARN_OBJC_IMPLICIT_RETAIN_SELF = YES;
				CLANG_WARN_OBJC_LITERAL_CONVERSION = YES;
				CLANG_WARN_OBJC_ROOT_CLASS = YES_ERROR;
				CLANG_WARN_QUOTED_INCLUDE_IN_FRAMEWORK_HEADER = YES;
				CLANG_WARN_RANGE_LOOP_ANALYSIS = YES;
				CLANG_WARN_STRICT_PROTOTYPES = YES;
				CLANG_WARN_SUSPICIOUS_MOVE = YES;
				CLANG_WARN_UNGUARDED_AVAILABILITY = YES_AGGRESSIVE;
				CLANG_WARN_UNREACHABLE_CODE = YES;
				CLANG_WARN__DUPLICATE_METHOD_MATCH = YES;
				COPY_PHASE_STRIP = NO;
				DEBUG_INFORMATION_FORMAT = "dwarf-with-dsym";
				ENABLE_NS_ASSERTIONS = NO;
				ENABLE_STRICT_OBJC_MSGSEND = YES;
				GCC_C_LANGUAGE_STANDARD = gnu11;
				GCC_NO_COMMON_BLOCKS = YES;
				GCC_WARN_64_TO_32_BIT_CONVERSION = YES;
				GCC_WARN_ABOUT_RETURN_TYPE = YES_ERROR;
				GCC_WARN_UNDECLARED_SELECTOR = YES;
				GCC_WARN_UNINITIALIZED_AUTOS = YES_AGGRESSIVE;
				GCC_WARN_UNUSED_FUNCTION = YES;
				GCC_WARN_UNUSED_VARIABLE = YES;
				IPHONEOS_DEPLOYMENT_TARGET = 15.0;
				MTL_ENABLE_DEBUG_INFO = NO;
				MTL_FAST_MATH = YES;
				PRODUCT_NAME = "$(TARGET_NAME)";
				SDKROOT = iphoneos;
				SWIFT_COMPILATION_MODE = wholemodule;
				SWIFT_OPTIMIZATION_LEVEL = "-O";
				SWIFT_VERSION = 5.0;
			};
			name = Release;
		};
/* End XCBuildConfiguration section */

/* Begin XCConfigurationList section */
		0BA420F0C2C0822BB46C5420 /* Build configuration list for PBXNativeTarget "RootMate" */ = {
			isa = XCConfigurationList;
			buildConfigurations = (
				54856144E40C46F6799E6E8A /* Debug */,
				655D6984537AB55299060617 /* Release */,
			);
			defaultConfigurationIsVisible = 0;
			defaultConfigurationName = Debug;
		};
		5569BD6DB373CECC02C343A6 /* Build configuration list for PBXProject "RootMate" */ = {
			isa = XCConfigurationList;
			buildConfigurations = (
				5DD09044B40C78C27A89BF80 /* Debug */,
				B9D2AD87FF5AB612A832742B /* Release */,
			);
			defaultConfigurationIsVisible = 0;
			defaultConfigurationName = Debug;
		};
/* End XCConfigurationList section */
	};
	rootObject = F8B538D1A3CFD759A76A4F5A /* Project object */;
}
